
Microsoft Visual Studio Solution File, Format Version 12.00
# Visual Studio Version 16
VisualStudioVersion = 16.0.29123.88
MinimumVisualStudioVersion = 10.0.40219.1
Project("{F184B08F-C81C-45F6-A57F-5ABD9991F28F}") = "Music time", "Music time\Music time.vbproj", "{CC4F89C0-28EE-4C32-9D8D-80F986566F68}"
EndProject
Global
	GlobalSection(SolutionConfigurationPlatforms) = preSolution
		Debug|Any CPU = Debug|Any CPU
		Release|Any CPU = Release|Any CPU
	EndGlobalSection
	GlobalSection(ProjectConfigurationPlatforms) = postSolution
		{CC4F89C0-28EE-4C32-9D8D-80F986566F68}.Debug|Any CPU.ActiveCfg = Debug|Any CPU
		{CC4F89C0-28EE-4C32-9D8D-80F986566F68}.Debug|Any CPU.Build.0 = Debug|Any CPU
		{CC4F89C0-28EE-4C32-9D8D-80F986566F68}.Release|Any CPU.ActiveCfg = Release|Any CPU
		{CC4F89C0-28EE-4C32-9D8D-80F986566F68}.Release|Any CPU.Build.0 = Release|Any CPU
	EndGlobalSection
	GlobalSection(SolutionProperties) = preSolution
		HideSolutionNode = FALSE
	EndGlobalSection
	GlobalSection(ExtensibilityGlobals) = postSolution
		SolutionGuid = {DAC8D23B-E96A-4E6B-A540-22B9739E7A02}
	EndGlobalSection
EndGlobal
